// !$*UTF8*$!
{
	archiveVersion = 1;
	classes = {
	};
	objectVersion = 77;
	objects = {

/* Begin PBXBuildFile section */
		BA3EBDA12F04965D00BA150A /* Trace Extension.appex in Embed Foundation Extensions */ = {isa = PBXBuildFile; fileRef = BA3EBDA02F04965D00BA150A /* Trace Extension.appex */; settings = {ATTRIBUTES = (RemoveHeadersOnCopy, ); }; };
		BA3EBDAB2F04965D00BA150A /* Trace Extension.appex in Embed Foundation Extensions */ = {isa = PBXBuildFile; fileRef = BA3EBDAA2F04965D00BA150A /* Trace Extension.appex */; settings = {ATTRIBUTES = (RemoveHeadersOnCopy, ); }; };
		BA3EC0022F04965D00BA1600 /* TraceWidget.appex in Embed Foundation Extensions */ = {isa = PBXBuildFile; fileRef = BA3EC0012F04965D00BA1600 /* TraceWidget.appex */; settings = {ATTRIBUTES = (RemoveHeadersOnCopy, ); }; };
/* End PBXBuildFile section */

/* Begin PBXContainerItemProxy section */
		BA3EBDA22F04965D00BA150A /* PBXContainerItemProxy */ = {
			isa = PBXContainerItemProxy;
			containerPortal = BA3EBD672F04965A00BA150A /* Project object */;
			proxyType = 1;
			remoteGlobalIDString = BA3EBD9F2F04965D00BA150A;
			remoteInfo = "Trace Extension (iOS)";
		};
		BA3EBDAC2F04965D00BA150A /* PBXContainerItemProxy */ = {
			isa = PBXContainerItemProxy;
			containerPortal = BA3EBD672F04965A00BA150A /* Project object */;
			proxyType = 1;
			remoteGlobalIDString = BA3EBDA92F04965D00BA150A;
			remoteInfo = "Trace Extension (macOS)";
		};
		BA3EC0032F04965D00BA1600 /* PBXContainerItemProxy */ = {
			isa = PBXContainerItemProxy;
			containerPortal = BA3EBD672F04965A00BA150A /* Project object */;
			proxyType = 1;
			remoteGlobalIDString = BA3EC0052F04965D00BA1600;
			remoteInfo = TraceWidget;
		};
/* End PBXContainerItemProxy section */

/* Begin PBXCopyFilesBuildPhase section */
		BA3EBDD32F04965D00BA150A /* Embed Foundation Extensions */ = {
			isa = PBXCopyFilesBuildPhase;
			buildActionMask = 2147483647;
			dstPath = "";
			dstSubfolderSpec = 13;
			files = (
				BA3EBDA12F04965D00BA150A /* Trace Extension.appex in Embed Foundation Extensions */,
				BA3EC0022F04965D00BA1600 /* TraceWidget.appex in Embed Foundation Extensions */,
			);
			name = "Embed Foundation Extensions";
			runOnlyForDeploymentPostprocessing = 0;
		};
		BA3EBDDD2F04965D00BA150A /* Embed Foundation Extensions */ = {
			isa = PBXCopyFilesBuildPhase;
			buildActionMask = 2147483647;
			dstPath = "";
			dstSubfolderSpec = 13;
			files = (
				BA3EBDAB2F04965D00BA150A /* Trace Extension.appex in Embed Foundation Extensions */,
			);
			name = "Embed Foundation Extensions";
			runOnlyForDeploymentPostprocessing = 0;
		};
/* End PBXCopyFilesBuildPhase section */

/* Begin PBXFileReference section */
		BA0C6ED42F84460200C89191 /* Trace-macOS-Extension.entitlements */ = {isa = PBXFileReference; lastKnownFileType = text.plist.entitlements; path = "Trace-macOS-Extension.entitlements"; sourceTree = "<group>"; };
		BA0C6ED52F8512C300C89191 /* Trace-iOS-Debug.entitlements */ = {isa = PBXFileReference; lastKnownFileType = text.plist.entitlements; path = "Trace-iOS-Debug.entitlements"; sourceTree = "<group>"; };
		BA3EBD832F04965D00BA150A /* Trace.app */ = {isa = PBXFileReference; explicitFileType = wrapper.application; includeInIndex = 0; path = Trace.app; sourceTree = BUILT_PRODUCTS_DIR; };
		BA3EBD952F04965D00BA150A /* Trace.app */ = {isa = PBXFileReference; explicitFileType = wrapper.application; includeInIndex = 0; path = Trace.app; sourceTree = BUILT_PRODUCTS_DIR; };
		BA3EBDA02F04965D00BA150A /* Trace Extension.appex */ = {isa = PBXFileReference; explicitFileType = "wrapper.app-extension"; includeInIndex = 0; path = "Trace Extension.appex"; sourceTree = BUILT_PRODUCTS_DIR; };
		BA3EBDAA2F04965D00BA150A /* Trace Extension.appex */ = {isa = PBXFileReference; explicitFileType = "wrapper.app-extension"; includeInIndex = 0; path = "Trace Extension.appex"; sourceTree = BUILT_PRODUCTS_DIR; };
		BA3EC0012F04965D00BA1600 /* TraceWidget.appex */ = {isa = PBXFileReference; explicitFileType = "wrapper.app-extension"; includeInIndex = 0; path = TraceWidget.appex; sourceTree = BUILT_PRODUCTS_DIR; };
		BA3EC00E2F04965D00BA1600 /* Trace-iOS-Release.entitlements */ = {isa = PBXFileReference; lastKnownFileType = text.plist.entitlements; path = "Trace-iOS-Release.entitlements"; sourceTree = "<group>"; };
/* End PBXFileReference section */

/* Begin PBXFileSystemSynchronizedBuildFileExceptionSet section */
		BA3EBDCE2F04965D00BA150A /* Exceptions for "Shared (App)" folder in "Trace (iOS)" target */ = {
			isa = PBXFileSystemSynchronizedBuildFileExceptionSet;
			membershipExceptions = (
				"/Localized: Resources/Main.html",
				Assets.xcassets,
				Resources/Script.js,
				Resources/Style.css,
				ViewController.swift,
			);
			target = BA3EBD822F04965D00BA150A /* Trace (iOS) */;
		};
		BA3EBDD22F04965D00BA150A /* Exceptions for "iOS (Extension)" folder in "Trace Extension (iOS)" target */ = {
			isa = PBXFileSystemSynchronizedBuildFileExceptionSet;
			membershipExceptions = (
				Info.plist,
			);
			target = BA3EBD9F2F04965D00BA150A /* Trace Extension (iOS) */;
		};
		BA3EBDD72F04965D00BA150A /* Exceptions for "iOS (App)" folder in "Trace (iOS)" target */ = {
			isa = PBXFileSystemSynchronizedBuildFileExceptionSet;
			membershipExceptions = (
				Info.plist,
			);
			target = BA3EBD822F04965D00BA150A /* Trace (iOS) */;
		};
		BA3EBDD82F04965D00BA150A /* Exceptions for "Shared (App)" folder in "Trace (macOS)" target */ = {
			isa = PBXFileSystemSynchronizedBuildFileExceptionSet;
			membershipExceptions = (
				"/Localized: Resources/Main.html",
				Assets.xcassets,
				Resources/Script.js,
				Resources/Style.css,
				ViewController.swift,
			);
			target = BA3EBD942F04965D00BA150A /* Trace (macOS) */;
		};
		BA3EBDDC2F04965D00BA150A /* Exceptions for "macOS (Extension)" folder in "Trace Extension (macOS)" target */ = {
			isa = PBXFileSystemSynchronizedBuildFileExceptionSet;
			membershipExceptions = (
				Info.plist,
			);
			target = BA3EBDA92F04965D00BA150A /* Trace Extension (macOS) */;
		};
		BA3EBDE12F04965D00BA150A /* Exceptions for "Shared (Extension)" folder in "Trace Extension (iOS)" target */ = {
			isa = PBXFileSystemSynchronizedBuildFileExceptionSet;
			membershipExceptions = (
				Resources/_locales,
				Resources/background.js,
				Resources/collector.js,
				Resources/images,
				"Resources/library-overlay-keys.js",
				"Resources/library-overlay.js",
				Resources/manifest.json,
				Resources/popup.css,
				Resources/popup.html,
				Resources/popup.js,
				Resources/sync.js,
				SafariWebExtensionHandler.swift,
			);
			target = BA3EBD9F2F04965D00BA150A /* Trace Extension (iOS) */;
		};
		BA3EBDE22F04965D00BA150A /* Exceptions for "Shared (Extension)" folder in "Trace Extension (macOS)" target */ = {
			isa = PBXFileSystemSynchronizedBuildFileExceptionSet;
			membershipExceptions = (
				Resources/_locales,
				Resources/background.js,
				Resources/collector.js,
				Resources/images,
				"Resources/library-overlay-keys.js",
				"Resources/library-overlay.js",
				Resources/manifest.json,
				Resources/popup.css,
				Resources/popup.html,
				Resources/popup.js,
				Resources/sync.js,
				SafariWebExtensionHandler.swift,
			);
			target = BA3EBDA92F04965D00BA150A /* Trace Extension (macOS) */;
		};
		BA3EC0072F04965D00BA1600 /* Exceptions for "TraceWidget" folder in "TraceWidget" target */ = {
			isa = PBXFileSystemSynchronizedBuildFileExceptionSet;
			membershipExceptions = (
				Info.plist,
			);
			target = BA3EC0052F04965D00BA1600 /* TraceWidget */;
		};
/* End PBXFileSystemSynchronizedBuildFileExceptionSet section */

/* Begin PBXFileSystemSynchronizedRootGroup section */
		BA3EBD6B2F04965A00BA150A /* Shared (App) */ = {
			isa = PBXFileSystemSynchronizedRootGroup;
			exceptions = (
				BA3EBDCE2F04965D00BA150A /* Exceptions for "Shared (App)" folder in "Trace (iOS)" target */,
				BA3EBDD82F04965D00BA150A /* Exceptions for "Shared (App)" folder in "Trace (macOS)" target */,
			);
			path = "Shared (App)";
			sourceTree = "<group>";
		};
		BA3EBD742F04965D00BA150A /* Shared (Extension) */ = {
			isa = PBXFileSystemSynchronizedRootGroup;
			exceptions = (
				BA3EBDE12F04965D00BA150A /* Exceptions for "Shared (Extension)" folder in "Trace Extension (iOS)" target */,
				BA3EBDE22F04965D00BA150A /* Exceptions for "Shared (Extension)" folder in "Trace Extension (macOS)" target */,
			);
			explicitFolders = (
				Resources/_locales,
				Resources/images,
			);
			path = "Shared (Extension)";
			sourceTree = "<group>";
		};
		BA3EBD852F04965D00BA150A /* iOS (App) */ = {
			isa = PBXFileSystemSynchronizedRootGroup;
			exceptions = (
				BA3EBDD72F04965D00BA150A /* Exceptions for "iOS (App)" folder in "Trace (iOS)" target */,
			);
			path = "iOS (App)";
			sourceTree = "<group>";
		};
		BA3EBD962F04965D00BA150A /* macOS (App) */ = {
			isa = PBXFileSystemSynchronizedRootGroup;
			path = "macOS (App)";
			sourceTree = "<group>";
		};
		BA3EBDA42F04965D00BA150A /* iOS (Extension) */ = {
			isa = PBXFileSystemSynchronizedRootGroup;
			exceptions = (
				BA3EBDD22F04965D00BA150A /* Exceptions for "iOS (Extension)" folder in "Trace Extension (iOS)" target */,
			);
			path = "iOS (Extension)";
			sourceTree = "<group>";
		};
		BA3EBDAE2F04965D00BA150A /* macOS (Extension) */ = {
			isa = PBXFileSystemSynchronizedRootGroup;
			exceptions = (
				BA3EBDDC2F04965D00BA150A /* Exceptions for "macOS (Extension)" folder in "Trace Extension (macOS)" target */,
			);
			path = "macOS (Extension)";
			sourceTree = "<group>";
		};
		BA3EC0062F04965D00BA1600 /* TraceWidget */ = {
			isa = PBXFileSystemSynchronizedRootGroup;
			exceptions = (
				BA3EC0072F04965D00BA1600 /* Exceptions for "TraceWidget" folder in "TraceWidget" target */,
			);
			path = TraceWidget;
			sourceTree = "<group>";
		};
/* End PBXFileSystemSynchronizedRootGroup section */

/* Begin PBXFrameworksBuildPhase section */
		BA3EBD802F04965D00BA150A /* Frameworks */ = {
			isa = PBXFrameworksBuildPhase;
			buildActionMask = 2147483647;
			files = (
			);
			runOnlyForDeploymentPostprocessing = 0;
		};
		BA3EBD922F04965D00BA150A /* Frameworks */ = {
			isa = PBXFrameworksBuildPhase;
			buildActionMask = 2147483647;
			files = (
			);
			runOnlyForDeploymentPostprocessing = 0;
		};
		BA3EBD9D2F04965D00BA150A /* Frameworks */ = {
			isa = PBXFrameworksBuildPhase;
			buildActionMask = 2147483647;
			files = (
			);
			runOnlyForDeploymentPostprocessing = 0;
		};
		BA3EBDA72F04965D00BA150A /* Frameworks */ = {
			isa = PBXFrameworksBuildPhase;
			buildActionMask = 2147483647;
			files = (
			);
			runOnlyForDeploymentPostprocessing = 0;
		};
		BA3EC01D2F04965D00BA1600 /* Frameworks */ = {
			isa = PBXFrameworksBuildPhase;
			buildActionMask = 2147483647;
			files = (
			);
			runOnlyForDeploymentPostprocessing = 0;
		};
/* End PBXFrameworksBuildPhase section */

/* Begin PBXGroup section */
		BA3EBD662F04965A00BA150A = {
			isa = PBXGroup;
			children = (
				BA0C6ED52F8512C300C89191 /* Trace-iOS-Debug.entitlements */,
				BA3EC00E2F04965D00BA1600 /* Trace-iOS-Release.entitlements */,
				BA0C6ED42F84460200C89191 /* Trace-macOS-Extension.entitlements */,
				BA3EC0062F04965D00BA1600 /* TraceWidget */,
				BA3EBD6B2F04965A00BA150A /* Shared (App) */,
				BA3EBD742F04965D00BA150A /* Shared (Extension) */,
				BA3EBD852F04965D00BA150A /* iOS (App) */,
				BA3EBD962F04965D00BA150A /* macOS (App) */,
				BA3EBDA42F04965D00BA150A /* iOS (Extension) */,
				BA3EBDAE2F04965D00BA150A /* macOS (Extension) */,
				BA3EBD842F04965D00BA150A /* Products */,
			);
			sourceTree = "<group>";
		};
		BA3EBD842F04965D00BA150A /* Products */ = {
			isa = PBXGroup;
			children = (
				BA3EBD832F04965D00BA150A /* Trace.app */,
				BA3EBD952F04965D00BA150A /* Trace.app */,
				BA3EBDA02F04965D00BA150A /* Trace Extension.appex */,
				BA3EBDAA2F04965D00BA150A /* Trace Extension.appex */,
				BA3EC0012F04965D00BA1600 /* TraceWidget.appex */,
			);
			name = Products;
			sourceTree = "<group>";
		};
/* End PBXGroup section */

/* Begin PBXNativeTarget section */
		BA3EBD822F04965D00BA150A /* Trace (iOS) */ = {
			isa = PBXNativeTarget;
			buildConfigurationList = BA3EBDD42F04965D00BA150A /* Build configuration list for PBXNativeTarget "Trace (iOS)" */;
			buildPhases = (
				BA3EBD7F2F04965D00BA150A /* Sources */,
				BA3EBD802F04965D00BA150A /* Frameworks */,
				BA3EBD812F04965D00BA150A /* Resources */,
				BA3EBDD32F04965D00BA150A /* Embed Foundation Extensions */,
			);
			buildRules = (
			);
			dependencies = (
				BA3EBDA32F04965D00BA150A /* PBXTargetDependency */,
				BA3EC0042F04965D00BA1600 /* PBXTargetDependency */,
			);
			fileSystemSynchronizedGroups = (
				BA3EBD852F04965D00BA150A /* iOS (App) */,
			);
			name = "Trace (iOS)";
			packageProductDependencies = (
			);
			productName = "Trace (iOS)";
			productReference = BA3EBD832F04965D00BA150A /* Trace.app */;
			productType = "com.apple.product-type.application";
		};
		BA3EBD942F04965D00BA150A /* Trace (macOS) */ = {
			isa = PBXNativeTarget;
			buildConfigurationList = BA3EBDDE2F04965D00BA150A /* Build configuration list for PBXNativeTarget "Trace (macOS)" */;
			buildPhases = (
				BA3EBD912F04965D00BA150A /* Sources */,
				BA3EBD922F04965D00BA150A /* Frameworks */,
				BA3EBD932F04965D00BA150A /* Resources */,
				BA3EBDDD2F04965D00BA150A /* Embed Foundation Extensions */,
			);
			buildRules = (
			);
			dependencies = (
				BA3EBDAD2F04965D00BA150A /* PBXTargetDependency */,
			);
			fileSystemSynchronizedGroups = (
				BA3EBD962F04965D00BA150A /* macOS (App) */,
			);
			name = "Trace (macOS)";
			packageProductDependencies = (
			);
			productName = "Trace (macOS)";
			productReference = BA3EBD952F04965D00BA150A /* Trace.app */;
			productType = "com.apple.product-type.application";
		};
		BA3EBD9F2F04965D00BA150A /* Trace Extension (iOS) */ = {
			isa = PBXNativeTarget;
			buildConfigurationList = BA3EBDCF2F04965D00BA150A /* Build configuration list for PBXNativeTarget "Trace Extension (iOS)" */;
			buildPhases = (
				BA3EBD9C2F04965D00BA150A /* Sources */,
				BA3EBD9D2F04965D00BA150A /* Frameworks */,
				BA3EBD9E2F04965D00BA150A /* Resources */,
			);
			buildRules = (
			);
			dependencies = (
			);
			fileSystemSynchronizedGroups = (
				BA3EBDA42F04965D00BA150A /* iOS (Extension) */,
			);
			name = "Trace Extension (iOS)";
			packageProductDependencies = (
			);
			productName = "Trace Extension (iOS)";
			productReference = BA3EBDA02F04965D00BA150A /* Trace Extension.appex */;
			productType = "com.apple.product-type.app-extension";
		};
		BA3EBDA92F04965D00BA150A /* Trace Extension (macOS) */ = {
			isa = PBXNativeTarget;
			buildConfigurationList = BA3EBDD92F04965D00BA150A /* Build configuration list for PBXNativeTarget "Trace Extension (macOS)" */;
			buildPhases = (
				BA3EBDA62F04965D00BA150A /* Sources */,
				BA3EBDA72F04965D00BA150A /* Frameworks */,
				BA3EBDA82F04965D00BA150A /* Resources */,
			);
			buildRules = (
			);
			dependencies = (
			);
			fileSystemSynchronizedGroups = (
				BA3EBDAE2F04965D00BA150A /* macOS (Extension) */,
			);
			name = "Trace Extension (macOS)";
			packageProductDependencies = (
			);
			productName = "Trace Extension (macOS)";
			productReference = BA3EBDAA2F04965D00BA150A /* Trace Extension.appex */;
			productType = "com.apple.product-type.app-extension";
		};
		BA3EC0052F04965D00BA1600 /* TraceWidget */ = {
			isa = PBXNativeTarget;
			buildConfigurationList = BA3EC00B2F04965D00BA1600 /* Build configuration list for PBXNativeTarget "TraceWidget" */;
			buildPhases = (
				BA3EC01C2F04965D00BA1600 /* Sources */,
				BA3EC01D2F04965D00BA1600 /* Frameworks */,
				BA3EC01E2F04965D00BA1600 /* Resources */,
			);
			buildRules = (
			);
			dependencies = (
			);
			fileSystemSynchronizedGroups = (
				BA3EC0062F04965D00BA1600 /* TraceWidget */,
			);
			name = TraceWidget;
			packageProductDependencies = (
			);
			productName = TraceWidget;
			productReference = BA3EC0012F04965D00BA1600 /* TraceWidget.appex */;
			productType = "com.apple.product-type.app-extension";
		};
/* End PBXNativeTarget section */

/* Begin PBXProject section */
		BA3EBD672F04965A00BA150A /* Project object */ = {
			isa = PBXProject;
			attributes = {
				BuildIndependentTargetsInParallel = 1;
				LastSwiftUpdateCheck = 2620;
				LastUpgradeCheck = 2620;
				TargetAttributes = {
					BA3EBD822F04965D00BA150A = {
						CreatedOnToolsVersion = 26.2;
						SystemCapabilities = {
							com.apple.InAppPurchase = {
								enabled = 1;
							};
						};
					};
					BA3EBD942F04965D00BA150A = {
						CreatedOnToolsVersion = 26.2;
					};
					BA3EBD9F2F04965D00BA150A = {
						CreatedOnToolsVersion = 26.2;
					};
					BA3EBDA92F04965D00BA150A = {
						CreatedOnToolsVersion = 26.2;
					};
					BA3EC0052F04965D00BA1600 = {
						CreatedOnToolsVersion = 26.2;
					};
				};
			};
			buildConfigurationList = BA3EBD6A2F04965A00BA150A /* Build configuration list for PBXProject "Trace" */;
			developmentRegion = en;
			hasScannedForEncodings = 0;
			knownRegions = (
				en,
				Base,
			);
			mainGroup = BA3EBD662F04965A00BA150A;
			minimizedProjectReferenceProxies = 1;
			preferredProjectObjectVersion = 77;
			productRefGroup = BA3EBD842F04965D00BA150A /* Products */;
			projectDirPath = "";
			projectRoot = "";
			targets = (
				BA3EBD822F04965D00BA150A /* Trace (iOS) */,
				BA3EBD9F2F04965D00BA150A /* Trace Extension (iOS) */,
				BA3EC0052F04965D00BA1600 /* TraceWidget */,
				BA3EBD942F04965D00BA150A /* Trace (macOS) */,
				BA3EBDA92F04965D00BA150A /* Trace Extension (macOS) */,
			);
		};
/* End PBXProject section */

/* Begin PBXResourcesBuildPhase section */
		BA3EBD812F04965D00BA150A /* Resources */ = {
			isa = PBXResourcesBuildPhase;
			buildActionMask = 2147483647;
			files = (
			);
			runOnlyForDeploymentPostprocessing = 0;
		};
		BA3EBD932F04965D00BA150A /* Resources */ = {
			isa = PBXResourcesBuildPhase;
			buildActionMask = 2147483647;
			files = (
			);
			runOnlyForDeploymentPostprocessing = 0;
		};
		BA3EBD9E2F04965D00BA150A /* Resources */ = {
			isa = PBXResourcesBuildPhase;
			buildActionMask = 2147483647;
			files = (
			);
			runOnlyForDeploymentPostprocessing = 0;
		};
		BA3EBDA82F04965D00BA150A /* Resources */ = {
			isa = PBXResourcesBuildPhase;
			buildActionMask = 2147483647;
			files = (
			);
			runOnlyForDeploymentPostprocessing = 0;
		};
		BA3EC01E2F04965D00BA1600 /* Resources */ = {
			isa = PBXResourcesBuildPhase;
			buildActionMask = 2147483647;
			files = (
			);
			runOnlyForDeploymentPostprocessing = 0;
		};
/* End PBXResourcesBuildPhase section */

/* Begin PBXSourcesBuildPhase section */
		BA3EBD7F2F04965D00BA150A /* Sources */ = {
			isa = PBXSourcesBuildPhase;
			buildActionMask = 2147483647;
			files = (
			);
			runOnlyForDeploymentPostprocessing = 0;
		};
		BA3EBD912F04965D00BA150A /* Sources */ = {
			isa = PBXSourcesBuildPhase;
			buildActionMask = 2147483647;
			files = (
			);
			runOnlyForDeploymentPostprocessing = 0;
		};
		BA3EBD9C2F04965D00BA150A /* Sources */ = {
			isa = PBXSourcesBuildPhase;
			buildActionMask = 2147483647;
			files = (
			);
			runOnlyForDeploymentPostprocessing = 0;
		};
		BA3EBDA62F04965D00BA150A /* Sources */ = {
			isa = PBXSourcesBuildPhase;
			buildActionMask = 2147483647;
			files = (
			);
			runOnlyForDeploymentPostprocessing = 0;
		};
		BA3EC01C2F04965D00BA1600 /* Sources */ = {
			isa = PBXSourcesBuildPhase;
			buildActionMask = 2147483647;
			files = (
			);
			runOnlyForDeploymentPostprocessing = 0;
		};
/* End PBXSourcesBuildPhase section */

/* Begin PBXTargetDependency section */
		BA3EBDA32F04965D00BA150A /* PBXTargetDependency */ = {
			isa = PBXTargetDependency;
			target = BA3EBD9F2F04965D00BA150A /* Trace Extension (iOS) */;
			targetProxy = BA3EBDA22F04965D00BA150A /* PBXContainerItemProxy */;
		};
		BA3EBDAD2F04965D00BA150A /* PBXTargetDependency */ = {
			isa = PBXTargetDependency;
			target = BA3EBDA92F04965D00BA150A /* Trace Extension (macOS) */;
			targetProxy = BA3EBDAC2F04965D00BA150A /* PBXContainerItemProxy */;
		};
		BA3EC0042F04965D00BA1600 /* PBXTargetDependency */ = {
			isa = PBXTargetDependency;
			target = BA3EC0052F04965D00BA1600 /* TraceWidget */;
			targetProxy = BA3EC0032F04965D00BA1600 /* PBXContainerItemProxy */;
		};
/* End PBXTargetDependency section */

/* Begin XCBuildConfiguration section */
		BA3EBDD02F04965D00BA150A /* Debug */ = {
			isa = XCBuildConfiguration;
			buildSettings = {
				CODE_SIGN_STYLE = Automatic;
				CURRENT_PROJECT_VERSION = 1;
				DEVELOPMENT_TEAM = 3GX59FLLT6;
				GENERATE_INFOPLIST_FILE = YES;
				INFOPLIST_FILE = "iOS (Extension)/Info.plist";
				INFOPLIST_KEY_CFBundleDisplayName = Trace;
				INFOPLIST_KEY_NSHumanReadableCopyright = "";
				IPHONEOS_DEPLOYMENT_TARGET = 15.0;
				LD_RUNPATH_SEARCH_PATHS = (
					"$(inherited)",
					"@executable_path/Frameworks",
					"@executable_path/../../Frameworks",
				);
				MARKETING_VERSION = 1.0;
				OTHER_LDFLAGS = (
					"-framework",
					SafariServices,
				);
				PRODUCT_BUNDLE_IDENTIFIER = com.tracefiction.trace.extension;
				PRODUCT_NAME = "Trace Extension";
				SDKROOT = iphoneos;
				SKIP_INSTALL = YES;
				STRING_CATALOG_GENERATE_SYMBOLS = YES;
				SWIFT_APPROACHABLE_CONCURRENCY = YES;
				SWIFT_EMIT_LOC_STRINGS = YES;
				SWIFT_UPCOMING_FEATURE_MEMBER_IMPORT_VISIBILITY = YES;
				SWIFT_VERSION = 5.0;
				TARGETED_DEVICE_FAMILY = 1;
				TRACE_API_BASE_URL = "";
			};
			name = Debug;
		};
		BA3EBDD12F04965D00BA150A /* Release */ = {
			isa = XCBuildConfiguration;
			buildSettings = {
				CODE_SIGN_STYLE = Automatic;
				CURRENT_PROJECT_VERSION = 1;
				DEVELOPMENT_TEAM = 3GX59FLLT6;
				GENERATE_INFOPLIST_FILE = YES;
				INFOPLIST_FILE = "iOS (Extension)/Info.plist";
				INFOPLIST_KEY_CFBundleDisplayName = Trace;
				INFOPLIST_KEY_NSHumanReadableCopyright = "";
				IPHONEOS_DEPLOYMENT_TARGET = 15.0;
				LD_RUNPATH_SEARCH_PATHS = (
					"$(inherited)",
					"@executable_path/Frameworks",
					"@executable_path/../../Frameworks",
				);
				MARKETING_VERSION = 1.0;
				OTHER_LDFLAGS = (
					"-framework",
					SafariServices,
				);
				PRODUCT_BUNDLE_IDENTIFIER = com.tracefiction.trace.extension;
				PRODUCT_NAME = "Trace Extension";
				SDKROOT = iphoneos;
				SKIP_INSTALL = YES;
				STRING_CATALOG_GENERATE_SYMBOLS = YES;
				SWIFT_APPROACHABLE_CONCURRENCY = YES;
				SWIFT_EMIT_LOC_STRINGS = YES;
				SWIFT_UPCOMING_FEATURE_MEMBER_IMPORT_VISIBILITY = YES;
				SWIFT_VERSION = 5.0;
				TARGETED_DEVICE_FAMILY = 1;
				TRACE_API_BASE_URL = "";
				VALIDATE_PRODUCT = YES;
			};
			name = Release;
		};
		BA3EBDD52F04965D00BA150A /* Debug */ = {
			isa = XCBuildConfiguration;
			buildSettings = {
				ASSETCATALOG_COMPILER_APPICON_NAME = AppIcon;
				ASSETCATALOG_COMPILER_GLOBAL_ACCENT_COLOR_NAME = AccentColor;
				CODE_SIGN_ENTITLEMENTS = "Trace-iOS-Debug.entitlements";
				CODE_SIGN_STYLE = Automatic;
				CURRENT_PROJECT_VERSION = 1;
				DEVELOPMENT_TEAM = 3GX59FLLT6;
				GENERATE_INFOPLIST_FILE = YES;
				INFOPLIST_FILE = "iOS (App)/Info.plist";
				INFOPLIST_KEY_CFBundleDisplayName = Trace;
				INFOPLIST_KEY_CFBundleIconName = AppIcon;
				INFOPLIST_KEY_LSApplicationCategoryType = "public.app-category.books";
				INFOPLIST_KEY_UIApplicationSupportsIndirectInputEvents = YES;
				INFOPLIST_KEY_UILaunchStoryboardName = LaunchScreen;
				INFOPLIST_KEY_UIMainStoryboardFile = Main;
				INFOPLIST_KEY_UISupportedInterfaceOrientations = UIInterfaceOrientationPortrait;
				IPHONEOS_DEPLOYMENT_TARGET = 15.0;
				LD_RUNPATH_SEARCH_PATHS = (
					"$(inherited)",
					"@executable_path/Frameworks",
				);
				MARKETING_VERSION = 0.2.4;
				OTHER_LDFLAGS = (
					"-framework",
					SafariServices,
					"-framework",
					WebKit,
				);
				PRODUCT_BUNDLE_IDENTIFIER = com.tracefiction.trace;
				PRODUCT_NAME = Trace;
				SDKROOT = iphoneos;
				STRING_CATALOG_GENERATE_SYMBOLS = YES;
				SUPPORTED_PLATFORMS = "iphoneos iphonesimulator";
				SUPPORTS_MACCATALYST = NO;
				SUPPORTS_MAC_DESIGNED_FOR_IPHONE_IPAD = NO;
				SUPPORTS_XR_DESIGNED_FOR_IPHONE_IPAD = NO;
				SWIFT_APPROACHABLE_CONCURRENCY = YES;
				SWIFT_DEFAULT_ACTOR_ISOLATION = MainActor;
				SWIFT_EMIT_LOC_STRINGS = YES;
				SWIFT_UPCOMING_FEATURE_MEMBER_IMPORT_VISIBILITY = YES;
				SWIFT_VERSION = 5.0;
				TARGETED_DEVICE_FAMILY = 1;
				TRACE_API_BASE_URL = "https://api.tracefiction.com";
			};
			name = Debug;
		};
		BA3EBDD62F04965D00BA150A /* Release */ = {
			isa = XCBuildConfiguration;
			buildSettings = {
				ASSETCATALOG_COMPILER_APPICON_NAME = AppIcon;
				ASSETCATALOG_COMPILER_GLOBAL_ACCENT_COLOR_NAME = AccentColor;
				CODE_SIGN_ENTITLEMENTS = "Trace-iOS-Release.entitlements";
				CODE_SIGN_STYLE = Automatic;
				CURRENT_PROJECT_VERSION = 1;
				DEVELOPMENT_TEAM = 3GX59FLLT6;
				GENERATE_INFOPLIST_FILE = YES;
				INFOPLIST_FILE = "iOS (App)/Info.plist";
				INFOPLIST_KEY_CFBundleDisplayName = Trace;
				INFOPLIST_KEY_CFBundleIconName = AppIcon;
				INFOPLIST_KEY_LSApplicationCategoryType = "public.app-category.books";
				INFOPLIST_KEY_UIApplicationSupportsIndirectInputEvents = YES;
				INFOPLIST_KEY_UILaunchStoryboardName = LaunchScreen;
				INFOPLIST_KEY_UIMainStoryboardFile = Main;
				INFOPLIST_KEY_UISupportedInterfaceOrientations = UIInterfaceOrientationPortrait;
				IPHONEOS_DEPLOYMENT_TARGET = 15.0;
				LD_RUNPATH_SEARCH_PATHS = (
					"$(inherited)",
					"@executable_path/Frameworks",
				);
				MARKETING_VERSION = 0.2.4;
				OTHER_LDFLAGS = (
					"-framework",
					SafariServices,
					"-framework",
					WebKit,
				);
				PRODUCT_BUNDLE_IDENTIFIER = com.tracefiction.trace;
				PRODUCT_NAME = Trace;
				SDKROOT = iphoneos;
				STRING_CATALOG_GENERATE_SYMBOLS = YES;
				SUPPORTED_PLATFORMS = "iphoneos iphonesimulator";
				SUPPORTS_MACCATALYST = NO;
				SUPPORTS_MAC_DESIGNED_FOR_IPHONE_IPAD = NO;
				SUPPORTS_XR_DESIGNED_FOR_IPHONE_IPAD = NO;
				SWIFT_APPROACHABLE_CONCURRENCY = YES;
				SWIFT_DEFAULT_ACTOR_ISOLATION = MainActor;
				SWIFT_EMIT_LOC_STRINGS = YES;
				SWIFT_UPCOMING_FEATURE_MEMBER_IMPORT_VISIBILITY = YES;
				SWIFT_VERSION = 5.0;
				TARGETED_DEVICE_FAMILY = 1;
				TRACE_API_BASE_URL = "https://api.tracefiction.com";
				VALIDATE_PRODUCT = YES;
			};
			name = Release;
		};
		BA3EBDDA2F04965D00BA150A /* Debug */ = {
			isa = XCBuildConfiguration;
			buildSettings = {
				CODE_SIGN_ENTITLEMENTS = "Trace-macOS-Extension.entitlements";
				CODE_SIGN_STYLE = Automatic;
				CURRENT_PROJECT_VERSION = 1;
				DEVELOPMENT_TEAM = 3GX59FLLT6;
				ENABLE_APP_SANDBOX = YES;
				ENABLE_HARDENED_RUNTIME = YES;
				ENABLE_USER_SELECTED_FILES = readonly;
				GENERATE_INFOPLIST_FILE = YES;
				INFOPLIST_FILE = "macOS (Extension)/Info.plist";
				INFOPLIST_KEY_CFBundleDisplayName = Trace;
				INFOPLIST_KEY_NSHumanReadableCopyright = "";
				LD_RUNPATH_SEARCH_PATHS = (
					"$(inherited)",
					"@executable_path/../Frameworks",
					"@executable_path/../../../../Frameworks",
				);
				MACOSX_DEPLOYMENT_TARGET = 10.14;
				MARKETING_VERSION = 1.0;
				OTHER_LDFLAGS = (
					"-framework",
					SafariServices,
				);
				PRODUCT_BUNDLE_IDENTIFIER = com.tracefiction.trace.macOS.extension;
				PRODUCT_NAME = "Trace Extension";
				SDKROOT = macosx;
				SKIP_INSTALL = YES;
				STRING_CATALOG_GENERATE_SYMBOLS = YES;
				SWIFT_APPROACHABLE_CONCURRENCY = YES;
				SWIFT_EMIT_LOC_STRINGS = YES;
				SWIFT_UPCOMING_FEATURE_MEMBER_IMPORT_VISIBILITY = YES;
				SWIFT_VERSION = 5.0;
			};
			name = Debug;
		};
		BA3EBDDB2F04965D00BA150A /* Release */ = {
			isa = XCBuildConfiguration;
			buildSettings = {
				CODE_SIGN_ENTITLEMENTS = "Trace-macOS-Extension.entitlements";
				CODE_SIGN_STYLE = Automatic;
				CURRENT_PROJECT_VERSION = 1;
				DEVELOPMENT_TEAM = 3GX59FLLT6;
				ENABLE_APP_SANDBOX = YES;
				ENABLE_HARDENED_RUNTIME = YES;
				ENABLE_USER_SELECTED_FILES = readonly;
				GENERATE_INFOPLIST_FILE = YES;
				INFOPLIST_FILE = "macOS (Extension)/Info.plist";
				INFOPLIST_KEY_CFBundleDisplayName = Trace;
				INFOPLIST_KEY_NSHumanReadableCopyright = "";
				LD_RUNPATH_SEARCH_PATHS = (
					"$(inherited)",
					"@executable_path/../Frameworks",
					"@executable_path/../../../../Frameworks",
				);
				MACOSX_DEPLOYMENT_TARGET = 10.14;
				MARKETING_VERSION = 1.0;
				OTHER_LDFLAGS = (
					"-framework",
					SafariServices,
				);
				PRODUCT_BUNDLE_IDENTIFIER = com.tracefiction.trace.macOS.extension;
				PRODUCT_NAME = "Trace Extension";
				SDKROOT = macosx;
				SKIP_INSTALL = YES;
				STRING_CATALOG_GENERATE_SYMBOLS = YES;
				SWIFT_APPROACHABLE_CONCURRENCY = YES;
				SWIFT_EMIT_LOC_STRINGS = YES;
				SWIFT_UPCOMING_FEATURE_MEMBER_IMPORT_VISIBILITY = YES;
				SWIFT_VERSION = 5.0;
			};
			name = Release;
		};
		BA3EBDDF2F04965D00BA150A /* Debug */ = {
			isa = XCBuildConfiguration;
			buildSettings = {
				ASSETCATALOG_COMPILER_APPICON_NAME = AppIcon;
				ASSETCATALOG_COMPILER_GLOBAL_ACCENT_COLOR_NAME = AccentColor;
				CODE_SIGN_STYLE = Automatic;
				CURRENT_PROJECT_VERSION = 1;
				DEVELOPMENT_TEAM = 3GX59FLLT6;
				ENABLE_APP_SANDBOX = YES;
				ENABLE_HARDENED_RUNTIME = YES;
				ENABLE_OUTGOING_NETWORK_CONNECTIONS = YES;
				ENABLE_USER_SELECTED_FILES = readonly;
				GENERATE_INFOPLIST_FILE = YES;
				INFOPLIST_KEY_CFBundleDisplayName = Trace;
				INFOPLIST_KEY_NSMainStoryboardFile = Main;
				INFOPLIST_KEY_NSPrincipalClass = NSApplication;
				LD_RUNPATH_SEARCH_PATHS = (
					"$(inherited)",
					"@executable_path/../Frameworks",
				);
				MACOSX_DEPLOYMENT_TARGET = 10.14;
				MARKETING_VERSION = 1.0;
				OTHER_LDFLAGS = (
					"-framework",
					SafariServices,
					"-framework",
					WebKit,
				);
				PRODUCT_BUNDLE_IDENTIFIER = com.tracefiction.trace.macOS;
				PRODUCT_NAME = Trace;
				REGISTER_APP_GROUPS = YES;
				SDKROOT = macosx;
				STRING_CATALOG_GENERATE_SYMBOLS = YES;
				SWIFT_APPROACHABLE_CONCURRENCY = YES;
				SWIFT_DEFAULT_ACTOR_ISOLATION = MainActor;
				SWIFT_EMIT_LOC_STRINGS = YES;
				SWIFT_UPCOMING_FEATURE_MEMBER_IMPORT_VISIBILITY = YES;
				SWIFT_VERSION = 5.0;
			};
			name = Debug;
		};
		BA3EBDE02F04965D00BA150A /* Release */ = {
			isa = XCBuildConfiguration;
			buildSettings = {
				ASSETCATALOG_COMPILER_APPICON_NAME = AppIcon;
				ASSETCATALOG_COMPILER_GLOBAL_ACCENT_COLOR_NAME = AccentColor;
				CODE_SIGN_STYLE = Automatic;
				CURRENT_PROJECT_VERSION = 1;
				DEVELOPMENT_TEAM = 3GX59FLLT6;
				ENABLE_APP_SANDBOX = YES;
				ENABLE_HARDENED_RUNTIME = YES;
				ENABLE_OUTGOING_NETWORK_CONNECTIONS = YES;
				ENABLE_USER_SELECTED_FILES = readonly;
				GENERATE_INFOPLIST_FILE = YES;
				INFOPLIST_KEY_CFBundleDisplayName = Trace;
				INFOPLIST_KEY_NSMainStoryboardFile = Main;
				INFOPLIST_KEY_NSPrincipalClass = NSApplication;
				LD_RUNPATH_SEARCH_PATHS = (
					"$(inherited)",
					"@executable_path/../Frameworks",
				);
				MACOSX_DEPLOYMENT_TARGET = 10.14;
				MARKETING_VERSION = 1.0;
				OTHER_LDFLAGS = (
					"-framework",
					SafariServices,
					"-framework",
					WebKit,
				);
				PRODUCT_BUNDLE_IDENTIFIER = com.tracefiction.trace.macOS;
				PRODUCT_NAME = Trace;
				REGISTER_APP_GROUPS = YES;
				SDKROOT = macosx;
				STRING_CATALOG_GENERATE_SYMBOLS = YES;
				SWIFT_APPROACHABLE_CONCURRENCY = YES;
				SWIFT_DEFAULT_ACTOR_ISOLATION = MainActor;
				SWIFT_EMIT_LOC_STRINGS = YES;
				SWIFT_UPCOMING_FEATURE_MEMBER_IMPORT_VISIBILITY = YES;
				SWIFT_VERSION = 5.0;
			};
			name = Release;
		};
		BA3EBDE32F04965D00BA150A /* Debug */ = {
			isa = XCBuildConfiguration;
			buildSettings = {
				ALWAYS_SEARCH_USER_PATHS = NO;
				ASSETCATALOG_COMPILER_GENERATE_SWIFT_ASSET_SYMBOL_EXTENSIONS = YES;
				CLANG_ANALYZER_NONNULL = YES;
				CLANG_ANALYZER_NUMBER_OBJECT_CONVERSION = YES_AGGRESSIVE;
				CLANG_CXX_LANGUAGE_STANDARD = "gnu++20";
				CLANG_ENABLE_MODULES = YES;
				CLANG_ENABLE_OBJC_ARC = YES;
				CLANG_ENABLE_OBJC_WEAK = YES;
				CLANG_WARN_BLOCK_CAPTURE_AUTORELEASING = YES;
				CLANG_WARN_BOOL_CONVERSION = YES;
				CLANG_WARN_COMMA = YES;
				CLANG_WARN_CONSTANT_CONVERSION = YES;
				CLANG_WARN_DEPRECATED_OBJC_IMPLEMENTATIONS = YES;
				CLANG_WARN_DIRECT_OBJC_ISA_USAGE = YES_ERROR;
				CLANG_WARN_DOCUMENTATION_COMMENTS = YES;
				CLANG_WARN_EMPTY_BODY = YES;
				CLANG_WARN_ENUM_CONVERSION = YES;
				CLANG_WARN_INFINITE_RECURSION = YES;
				CLANG_WARN_INT_CONVERSION = YES;
				CLANG_WARN_NON_LITERAL_NULL_CONVERSION = YES;
				CLANG_WARN_OBJC_IMPLICIT_RETAIN_SELF = YES;
				CLANG_WARN_OBJC_LITERAL_CONVERSION = YES;
				CLANG_WARN_OBJC_ROOT_CLASS = YES_ERROR;
				CLANG_WARN_QUOTED_INCLUDE_IN_FRAMEWORK_HEADER = YES;
				CLANG_WARN_RANGE_LOOP_ANALYSIS = YES;
				CLANG_WARN_STRICT_PROTOTYPES = YES;
				CLANG_WARN_SUSPICIOUS_MOVE = YES;
				CLANG_WARN_UNGUARDED_AVAILABILITY = YES_AGGRESSIVE;
				CLANG_WARN_UNREACHABLE_CODE = YES;
				CLANG_WARN__DUPLICATE_METHOD_MATCH = YES;
				COPY_PHASE_STRIP = NO;
				DEBUG_INFORMATION_FORMAT = dwarf;
				ENABLE_STRICT_OBJC_MSGSEND = YES;
				ENABLE_TESTABILITY = YES;
				ENABLE_USER_SCRIPT_SANDBOXING = YES;
				GCC_C_LANGUAGE_STANDARD = gnu17;
				GCC_DYNAMIC_NO_PIC = NO;
				GCC_NO_COMMON_BLOCKS = YES;
				GCC_OPTIMIZATION_LEVEL = 0;
				GCC_PREPROCESSOR_DEFINITIONS = (
					"DEBUG=1",
					"$(inherited)",
				);
				GCC_WARN_64_TO_32_BIT_CONVERSION = YES;
				GCC_WARN_ABOUT_RETURN_TYPE = YES_ERROR;
				GCC_WARN_UNDECLARED_SELECTOR = YES;
				GCC_WARN_UNINITIALIZED_AUTOS = YES_AGGRESSIVE;
				GCC_WARN_UNUSED_FUNCTION = YES;
				GCC_WARN_UNUSED_VARIABLE = YES;
				LOCALIZATION_PREFERS_STRING_CATALOGS = YES;
				MTL_ENABLE_DEBUG_INFO = INCLUDE_SOURCE;
				MTL_FAST_MATH = YES;
				ONLY_ACTIVE_ARCH = YES;
				SWIFT_ACTIVE_COMPILATION_CONDITIONS = "DEBUG $(inherited)";
				SWIFT_OPTIMIZATION_LEVEL = "-Onone";
			};
			name = Debug;
		};
		BA3EBDE42F04965D00BA150A /* Release */ = {
			isa = XCBuildConfiguration;
			buildSettings = {
				ALWAYS_SEARCH_USER_PATHS = NO;
				ASSETCATALOG_COMPILER_GENERATE_SWIFT_ASSET_SYMBOL_EXTENSIONS = YES;
				CLANG_ANALYZER_NONNULL = YES;
				CLANG_ANALYZER_NUMBER_OBJECT_CONVERSION = YES_AGGRESSIVE;
				CLANG_CXX_LANGUAGE_STANDARD = "gnu++20";
				CLANG_ENABLE_MODULES = YES;
				CLANG_ENABLE_OBJC_ARC = YES;
				CLANG_ENABLE_OBJC_WEAK = YES;
				CLANG_WARN_BLOCK_CAPTURE_AUTORELEASING = YES;
				CLANG_WARN_BOOL_CONVERSION = YES;
				CLANG_WARN_COMMA = YES;
				CLANG_WARN_CONSTANT_CONVERSION = YES;
				CLANG_WARN_DEPRECATED_OBJC_IMPLEMENTATIONS = YES;
				CLANG_WARN_DIRECT_OBJC_ISA_USAGE = YES_ERROR;
				CLANG_WARN_DOCUMENTATION_COMMENTS = YES;
				CLANG_WARN_EMPTY_BODY = YES;
				CLANG_WARN_ENUM_CONVERSION = YES;
				CLANG_WARN_INFINITE_RECURSION = YES;
				CLANG_WARN_INT_CONVERSION = YES;
				CLANG_WARN_NON_LITERAL_NULL_CONVERSION = YES;
				CLANG_WARN_OBJC_IMPLICIT_RETAIN_SELF = YES;
				CLANG_WARN_OBJC_LITERAL_CONVERSION = YES;
				CLANG_WARN_OBJC_ROOT_CLASS = YES_ERROR;
				CLANG_WARN_QUOTED_INCLUDE_IN_FRAMEWORK_HEADER = YES;
				CLANG_WARN_RANGE_LOOP_ANALYSIS = YES;
				CLANG_WARN_STRICT_PROTOTYPES = YES;
				CLANG_WARN_SUSPICIOUS_MOVE = YES;
				CLANG_WARN_UNGUARDED_AVAILABILITY = YES_AGGRESSIVE;
				CLANG_WARN_UNREACHABLE_CODE = YES;
				CLANG_WARN__DUPLICATE_METHOD_MATCH = YES;
				COPY_PHASE_STRIP = NO;
				DEBUG_INFORMATION_FORMAT = "dwarf-with-dsym";
				ENABLE_NS_ASSERTIONS = NO;
				ENABLE_STRICT_OBJC_MSGSEND = YES;
				ENABLE_USER_SCRIPT_SANDBOXING = YES;
				GCC_C_LANGUAGE_STANDARD = gnu17;
				GCC_NO_COMMON_BLOCKS = YES;
				GCC_WARN_64_TO_32_BIT_CONVERSION = YES;
				GCC_WARN_ABOUT_RETURN_TYPE = YES_ERROR;
				GCC_WARN_UNDECLARED_SELECTOR = YES;
				GCC_WARN_UNINITIALIZED_AUTOS = YES_AGGRESSIVE;
				GCC_WARN_UNUSED_FUNCTION = YES;
				GCC_WARN_UNUSED_VARIABLE = YES;
				LOCALIZATION_PREFERS_STRING_CATALOGS = YES;
				MTL_ENABLE_DEBUG_INFO = NO;
				MTL_FAST_MATH = YES;
				SWIFT_COMPILATION_MODE = wholemodule;
			};
			name = Release;
		};
		BA3EC00C2F04965D00BA1600 /* Debug */ = {
			isa = XCBuildConfiguration;
			buildSettings = {
				APPLICATION_EXTENSION_API_ONLY = YES;
				CODE_SIGN_ENTITLEMENTS = TraceWidget/TraceWidget.entitlements;
				CODE_SIGN_STYLE = Automatic;
				CURRENT_PROJECT_VERSION = 1;
				DEVELOPMENT_TEAM = 3GX59FLLT6;
				GENERATE_INFOPLIST_FILE = YES;
				INFOPLIST_FILE = TraceWidget/Info.plist;
				INFOPLIST_KEY_CFBundleDisplayName = Trace;
				IPHONEOS_DEPLOYMENT_TARGET = 17.0;
				LD_RUNPATH_SEARCH_PATHS = (
					"$(inherited)",
					"@executable_path/Frameworks",
					"@executable_path/../../Frameworks",
				);
				MARKETING_VERSION = 1.0;
				PRODUCT_BUNDLE_IDENTIFIER = com.tracefiction.trace.TraceWidget;
				PRODUCT_NAME = "$(TARGET_NAME)";
				SDKROOT = iphoneos;
				SKIP_INSTALL = YES;
				STRING_CATALOG_GENERATE_SYMBOLS = YES;
				SWIFT_APPROACHABLE_CONCURRENCY = YES;
				SWIFT_EMIT_LOC_STRINGS = YES;
				SWIFT_UPCOMING_FEATURE_MEMBER_IMPORT_VISIBILITY = YES;
				SWIFT_VERSION = 5.0;
				TARGETED_DEVICE_FAMILY = 1;
			};
			name = Debug;
		};
		BA3EC00D2F04965D00BA1600 /* Release */ = {
			isa = XCBuildConfiguration;
			buildSettings = {
				APPLICATION_EXTENSION_API_ONLY = YES;
				CODE_SIGN_ENTITLEMENTS = TraceWidget/TraceWidget.entitlements;
				CODE_SIGN_STYLE = Automatic;
				CURRENT_PROJECT_VERSION = 1;
				DEVELOPMENT_TEAM = 3GX59FLLT6;
				GENERATE_INFOPLIST_FILE = YES;
				INFOPLIST_FILE = TraceWidget/Info.plist;
				INFOPLIST_KEY_CFBundleDisplayName = Trace;
				IPHONEOS_DEPLOYMENT_TARGET = 17.0;
				LD_RUNPATH_SEARCH_PATHS = (
					"$(inherited)",
					"@executable_path/Frameworks",
					"@executable_path/../../Frameworks",
				);
				MARKETING_VERSION = 1.0;
				PRODUCT_BUNDLE_IDENTIFIER = com.tracefiction.trace.TraceWidget;
				PRODUCT_NAME = "$(TARGET_NAME)";
				SDKROOT = iphoneos;
				SKIP_INSTALL = YES;
				STRING_CATALOG_GENERATE_SYMBOLS = YES;
				SWIFT_APPROACHABLE_CONCURRENCY = YES;
				SWIFT_EMIT_LOC_STRINGS = YES;
				SWIFT_UPCOMING_FEATURE_MEMBER_IMPORT_VISIBILITY = YES;
				SWIFT_VERSION = 5.0;
				TARGETED_DEVICE_FAMILY = 1;
				VALIDATE_PRODUCT = YES;
			};
			name = Release;
		};
/* End XCBuildConfiguration section */

/* Begin XCConfigurationList section */
		BA3EBD6A2F04965A00BA150A /* Build configuration list for PBXProject "Trace" */ = {
			isa = XCConfigurationList;
			buildConfigurations = (
				BA3EBDE32F04965D00BA150A /* Debug */,
				BA3EBDE42F04965D00BA150A /* Release */,
			);
			defaultConfigurationIsVisible = 0;
			defaultConfigurationName = Release;
		};
		BA3EBDCF2F04965D00BA150A /* Build configuration list for PBXNativeTarget "Trace Extension (iOS)" */ = {
			isa = XCConfigurationList;
			buildConfigurations = (
				BA3EBDD02F04965D00BA150A /* Debug */,
				BA3EBDD12F04965D00BA150A /* Release */,
			);
			defaultConfigurationIsVisible = 0;
			defaultConfigurationName = Release;
		};
		BA3EBDD42F04965D00BA150A /* Build configuration list for PBXNativeTarget "Trace (iOS)" */ = {
			isa = XCConfigurationList;
			buildConfigurations = (
				BA3EBDD52F04965D00BA150A /* Debug */,
				BA3EBDD62F04965D00BA150A /* Release */,
			);
			defaultConfigurationIsVisible = 0;
			defaultConfigurationName = Release;
		};
		BA3EBDD92F04965D00BA150A /* Build configuration list for PBXNativeTarget "Trace Extension (macOS)" */ = {
			isa = XCConfigurationList;
			buildConfigurations = (
				BA3EBDDA2F04965D00BA150A /* Debug */,
				BA3EBDDB2F04965D00BA150A /* Release */,
			);
			defaultConfigurationIsVisible = 0;
			defaultConfigurationName = Release;
		};
		BA3EBDDE2F04965D00BA150A /* Build configuration list for PBXNativeTarget "Trace (macOS)" */ = {
			isa = XCConfigurationList;
			buildConfigurations = (
				BA3EBDDF2F04965D00BA150A /* Debug */,
				BA3EBDE02F04965D00BA150A /* Release */,
			);
			defaultConfigurationIsVisible = 0;
			defaultConfigurationName = Release;
		};
		BA3EC00B2F04965D00BA1600 /* Build configuration list for PBXNativeTarget "TraceWidget" */ = {
			isa = XCConfigurationList;
			buildConfigurations = (
				BA3EC00C2F04965D00BA1600 /* Debug */,
				BA3EC00D2F04965D00BA1600 /* Release */,
			);
			defaultConfigurationIsVisible = 0;
			defaultConfigurationName = Release;
		};
/* End XCConfigurationList section */
	};
	rootObject = BA3EBD672F04965A00BA150A /* Project object */;
}
